
Microsoft Visual Studio Solution File, Format Version 12.00
# Visual Studio Version 17
VisualStudioVersion = 17.3.32901.215
MinimumVisualStudioVersion = 10.0.40219.1
Project("{FAE04EC0-301F-11D3-BF4B-00C04F79EFBC}") = "DXApplication1", "DXApplication1\DXApplication1.csproj", "{F116E3D2-FE0C-423F-B2A3-28E9E29C5D52}"
EndProject
Global
	GlobalSection(SolutionConfigurationPlatforms) = preSolution
		Debug|Any CPU = Debug|Any CPU
		Release|Any CPU = Release|Any CPU
	EndGlobalSection
	GlobalSection(ProjectConfigurationPlatforms) = postSolution
		{F116E3D2-FE0C-423F-B2A3-28E9E29C5D52}.Debug|Any CPU.ActiveCfg = Debug|Any CPU
		{F116E3D2-FE0C-423F-B2A3-28E9E29C5D52}.Debug|Any CPU.Build.0 = Debug|Any CPU
		{F116E3D2-FE0C-423F-B2A3-28E9E29C5D52}.Release|Any CPU.ActiveCfg = Release|Any CPU
		{F116E3D2-FE0C-423F-B2A3-28E9E29C5D52}.Release|Any CPU.Build.0 = Release|Any CPU
	EndGlobalSection
	GlobalSection(SolutionProperties) = preSolution
		HideSolutionNode = FALSE
	EndGlobalSection
	GlobalSection(ExtensibilityGlobals) = postSolution
		SolutionGuid = {EAF09BCE-BD8B-4B78-86D0-758E8BE4A8CE}
	EndGlobalSection
EndGlobal
